
Microsoft Visual Studio Solution File, Format Version 12.00
# Visual Studio Version 16
VisualStudioVersion = 16.0.31129.286
MinimumVisualStudioVersion = 10.0.40219.1
Project("{FAE04EC0-301F-11D3-BF4B-00C04F79EFBC}") = "Bowling", "Bowling\Bowling.csproj", "{9C5EBB8D-1AD9-47D1-B922-5230FAC9E3D8}"
EndProject
Global
	GlobalSection(SolutionConfigurationPlatforms) = preSolution
		Debug|Any CPU = Debug|Any CPU
		Release|Any CPU = Release|Any CPU
	EndGlobalSection
	GlobalSection(ProjectConfigurationPlatforms) = postSolution
		{9C5EBB8D-1AD9-47D1-B922-5230FAC9E3D8}.Debug|Any CPU.ActiveCfg = Debug|Any CPU
		{9C5EBB8D-1AD9-47D1-B922-5230FAC9E3D8}.Debug|Any CPU.Build.0 = Debug|Any CPU
		{9C5EBB8D-1AD9-47D1-B922-5230FAC9E3D8}.Release|Any CPU.ActiveCfg = Release|Any CPU
		{9C5EBB8D-1AD9-47D1-B922-5230FAC9E3D8}.Release|Any CPU.Build.0 = Release|Any CPU
	EndGlobalSection
	GlobalSection(SolutionProperties) = preSolution
		HideSolutionNode = FALSE
	EndGlobalSection
	GlobalSection(ExtensibilityGlobals) = postSolution
		SolutionGuid = {25A52CED-ADFB-468E-AF83-080C6519A572}
	EndGlobalSection
EndGlobal
